dependencies:
- name: ambassador
  repository: file://../ambassador
  version: 0.1.8
- name: arborist
  repository: file://../arborist
  version: 0.1.8
- name: argo-wrapper
  repository: file://../argo-wrapper
  version: 0.1.4
- name: audit
  repository: file://../audit
  version: 0.1.9
- name: aws-es-proxy
  repository: file://../aws-es-proxy
  version: 0.1.6
- name: common
  repository: file://../common
  version: 0.1.7
- name: fence
  repository: file://../fence
  version: 0.1.13
- name: guppy
  repository: file://../guppy
  version: 0.1.8
- name: hatchery
  repository: file://../hatchery
  version: 0.1.6
- name: indexd
  repository: file://../indexd
  version: 0.1.10
- name: manifestservice
  repository: file://../manifestservice
  version: 0.1.10
- name: metadata
  repository: file://../metadata
  version: 0.1.8
- name: peregrine
  repository: file://../peregrine
  version: 0.1.9
- name: pidgin
  repository: file://../pidgin
  version: 0.1.7
- name: portal
  repository: file://../portal
  version: 0.1.7
- name: requestor
  repository: file://../requestor
  version: 0.1.8
- name: revproxy
  repository: file://../revproxy
  version: 0.1.11
- name: sheepdog
  repository: file://../sheepdog
  version: 0.1.10
- name: ssjdispatcher
  repository: file://../ssjdispatcher
  version: 0.1.6
- name: sower
  repository: file://../sower
  version: 0.1.6
- name: wts
  repository: file://../wts
  version: 0.1.10
- name: elasticsearch
  repository: file://../elasticsearch
  version: 0.1.5
- name: postgresql
  repository: https://charts.bitnami.com/bitnami
  version: 11.9.13
digest: sha256:ff457b1f388ea4071dd6e19233ab32a47a37600c4649d92f5c818c8f3f5af6bb
generated: "2023-10-05T09:29:53.273971+02:00"
